// !$*UTF8*$!
{
	archiveVersion = 1;
	classes = {
	};
	objectVersion = 50;
	objects = {

/* Begin PBXBuildFile section */
		CE025C7220B25848003D4819 /* TestModel.swift in Sources */ = {isa = PBXBuildFile; fileRef = CE025C7120B25848003D4819 /* TestModel.swift */; };
		CE192ADD20AEE512002A98B9 /* CustomTableViewCell.swift in Sources */ = {isa = PBXBuildFile; fileRef = CE192ADC20AEE512002A98B9 /* CustomTableViewCell.swift */; };
		CE3D947320B18BCC00AC4B0A /* CustomHeaderView.swift in Sources */ = {isa = PBXBuildFile; fileRef = CE3D947220B18BCC00AC4B0A /* CustomHeaderView.swift */; };
		CE3D947520B18BDD00AC4B0A /* CustomHeaderView.xib in Resources */ = {isa = PBXBuildFile; fileRef = CE3D947420B18BDD00AC4B0A /* CustomHeaderView.xib */; };
		CE9A002A20B33FFA00446918 /* ExpenseStatementItemPropertyList.plist in Resources */ = {isa = PBXBuildFile; fileRef = CE9A002920B33FFA00446918 /* ExpenseStatementItemPropertyList.plist */; };
		CEEB260020B4BE7F00C029A0 /* DetailViewController.swift in Sources */ = {isa = PBXBuildFile; fileRef = CEEB25FF20B4BE7F00C029A0 /* DetailViewController.swift */; };
		CEF41BAB20ABD07E0097EDBB /* AppDelegate.swift in Sources */ = {isa = PBXBuildFile; fileRef = CEF41BAA20ABD07E0097EDBB /* AppDelegate.swift */; };
		CEF41BAD20ABD07E0097EDBB /* MainViewController.swift in Sources */ = {isa = PBXBuildFile; fileRef = CEF41BAC20ABD07E0097EDBB /* MainViewController.swift */; };
		CEF41BB020ABD07E0097EDBB /* Main.storyboard in Resources */ = {isa = PBXBuildFile; fileRef = CEF41BAE20ABD07E0097EDBB /* Main.storyboard */; };
		CEF41BB220ABD0800097EDBB /* Assets.xcassets in Resources */ = {isa = PBXBuildFile; fileRef = CEF41BB120ABD0800097EDBB /* Assets.xcassets */; };
		CEF41BB520ABD0800097EDBB /* LaunchScreen.storyboard in Resources */ = {isa = PBXBuildFile; fileRef = CEF41BB320ABD0800097EDBB /* LaunchScreen.storyboard */; };
		CEF41BBD20ABD2FB0097EDBB /* Today.storyboard in Resources */ = {isa = PBXBuildFile; fileRef = CEF41BBC20ABD2FB0097EDBB /* Today.storyboard */; };
		CEF41BBF20ABD3090097EDBB /* Yesterday.storyboard in Resources */ = {isa = PBXBuildFile; fileRef = CEF41BBE20ABD3090097EDBB /* Yesterday.storyboard */; };
		CEF41BC120ABD4440097EDBB /* TodayViewController.swift in Sources */ = {isa = PBXBuildFile; fileRef = CEF41BC020ABD4440097EDBB /* TodayViewController.swift */; };
		CEF41BC320ABD45F0097EDBB /* YesterdayViewController.swift in Sources */ = {isa = PBXBuildFile; fileRef = CEF41BC220ABD45F0097EDBB /* YesterdayViewController.swift */; };
/* End PBXBuildFile section */

/* Begin PBXFileReference section */
		CE025C7120B25848003D4819 /* TestModel.swift */ = {isa = PBXFileReference; lastKnownFileType = sourcecode.swift; path = TestModel.swift; sourceTree = "<group>"; };
		CE192ADC20AEE512002A98B9 /* CustomTableViewCell.swift */ = {isa = PBXFileReference; lastKnownFileType = sourcecode.swift; path = CustomTableViewCell.swift; sourceTree = "<group>"; };
		CE3D947220B18BCC00AC4B0A /* CustomHeaderView.swift */ = {isa = PBXFileReference; lastKnownFileType = sourcecode.swift; path = CustomHeaderView.swift; sourceTree = "<group>"; };
		CE3D947420B18BDD00AC4B0A /* CustomHeaderView.xib */ = {isa = PBXFileReference; lastKnownFileType = file.xib; path = CustomHeaderView.xib; sourceTree = "<group>"; };
		CE9A002920B33FFA00446918 /* ExpenseStatementItemPropertyList.plist */ = {isa = PBXFileReference; lastKnownFileType = text.plist.xml; path = ExpenseStatementItemPropertyList.plist; sourceTree = "<group>"; };
		CEEB25FF20B4BE7F00C029A0 /* DetailViewController.swift */ = {isa = PBXFileReference; lastKnownFileType = sourcecode.swift; path = DetailViewController.swift; sourceTree = "<group>"; };
		CEF41BA720ABD07E0097EDBB /* ContainerVC.app */ = {isa = PBXFileReference; explicitFileType = wrapper.application; includeInIndex = 0; path = ContainerVC.app; sourceTree = BUILT_PRODUCTS_DIR; };
		CEF41BAA20ABD07E0097EDBB /* AppDelegate.swift */ = {isa = PBXFileReference; lastKnownFileType = sourcecode.swift; path = AppDelegate.swift; sourceTree = "<group>"; };
		CEF41BAC20ABD07E0097EDBB /* MainViewController.swift */ = {isa = PBXFileReference; lastKnownFileType = sourcecode.swift; path = MainViewController.swift; sourceTree = "<group>"; };
		CEF41BAF20ABD07E0097EDBB /* Base */ = {isa = PBXFileReference; lastKnownFileType = file.storyboard; name = Base; path = Base.lproj/Main.storyboard; sourceTree = "<group>"; };
		CEF41BB120ABD0800097EDBB /* Assets.xcassets */ = {isa = PBXFileReference; lastKnownFileType = folder.assetcatalog; path = Assets.xcassets; sourceTree = "<group>"; };
		CEF41BB420ABD0800097EDBB /* Base */ = {isa = PBXFileReference; lastKnownFileType = file.storyboard; name = Base; path = Base.lproj/LaunchScreen.storyboard; sourceTree = "<group>"; };
		CEF41BB620ABD0800097EDBB /* Info.plist */ = {isa = PBXFileReference; lastKnownFileType = text.plist.xml; path = Info.plist; sourceTree = "<group>"; };
		CEF41BBC20ABD2FB0097EDBB /* Today.storyboard */ = {isa = PBXFileReference; lastKnownFileType = file.storyboard; path = Today.storyboard; sourceTree = "<group>"; };
		CEF41BBE20ABD3090097EDBB /* Yesterday.storyboard */ = {isa = PBXFileReference; lastKnownFileType = file.storyboard; path = Yesterday.storyboard; sourceTree = "<group>"; };
		CEF41BC020ABD4440097EDBB /* TodayViewController.swift */ = {isa = PBXFileReference; lastKnownFileType = sourcecode.swift; path = TodayViewController.swift; sourceTree = "<group>"; };
		CEF41BC220ABD45F0097EDBB /* YesterdayViewController.swift */ = {isa = PBXFileReference; lastKnownFileType = sourcecode.swift; path = YesterdayViewController.swift; sourceTree = "<group>"; };
/* End PBXFileReference section */

/* Begin PBXFrameworksBuildPhase section */
		CEF41BA420ABD07E0097EDBB /* Frameworks */ = {
			isa = PBXFrameworksBuildPhase;
			buildActionMask = 2147483647;
			files = (
			);
			runOnlyForDeploymentPostprocessing = 0;
		};
/* End PBXFrameworksBuildPhase section */

/* Begin PBXGroup section */
		CE025C7020B25815003D4819 /* Model */ = {
			isa = PBXGroup;
			children = (
				CE025C7120B25848003D4819 /* TestModel.swift */,
				CE9A002920B33FFA00446918 /* ExpenseStatementItemPropertyList.plist */,
			);
			path = Model;
			sourceTree = "<group>";
		};
		CE192ADB20AEE4E5002A98B9 /* View */ = {
			isa = PBXGroup;
			children = (
				CE192ADC20AEE512002A98B9 /* CustomTableViewCell.swift */,
				CE3D947220B18BCC00AC4B0A /* CustomHeaderView.swift */,
				CE3D947420B18BDD00AC4B0A /* CustomHeaderView.xib */,
			);
			path = View;
			sourceTree = "<group>";
		};
		CEF41B9E20ABD07E0097EDBB = {
			isa = PBXGroup;
			children = (
				CEF41BA920ABD07E0097EDBB /* ContainerVC */,
				CEF41BA820ABD07E0097EDBB /* Products */,
			);
			sourceTree = "<group>";
		};
		CEF41BA820ABD07E0097EDBB /* Products */ = {
			isa = PBXGroup;
			children = (
				CEF41BA720ABD07E0097EDBB /* ContainerVC.app */,
			);
			name = Products;
			sourceTree = "<group>";
		};
		CEF41BA920ABD07E0097EDBB /* ContainerVC */ = {
			isa = PBXGroup;
			children = (
				CEF41BC520ABD47B0097EDBB /* SupportingFiles */,
				CE025C7020B25815003D4819 /* Model */,
				CE192ADB20AEE4E5002A98B9 /* View */,
				CEF41BC420ABD4680097EDBB /* VC */,
				CEF41BC620ABD4950097EDBB /* StoryBoard */,
				CEF41BB620ABD0800097EDBB /* Info.plist */,
			);
			path = ContainerVC;
			sourceTree = "<group>";
		};
		CEF41BC420ABD4680097EDBB /* VC */ = {
			isa = PBXGroup;
			children = (
				CEF41BAC20ABD07E0097EDBB /* MainViewController.swift */,
				CEF41BC020ABD4440097EDBB /* TodayViewController.swift */,
				CEF41BC220ABD45F0097EDBB /* YesterdayViewController.swift */,
				CEEB25FF20B4BE7F00C029A0 /* DetailViewController.swift */,
			);
			path = VC;
			sourceTree = "<group>";
		};
		CEF41BC520ABD47B0097EDBB /* SupportingFiles */ = {
			isa = PBXGroup;
			children = (
				CEF41BAA20ABD07E0097EDBB /* AppDelegate.swift */,
				CEF41BB120ABD0800097EDBB /* Assets.xcassets */,
			);
			path = SupportingFiles;
			sourceTree = "<group>";
		};
		CEF41BC620ABD4950097EDBB /* StoryBoard */ = {
			isa = PBXGroup;
			children = (
				CEF41BAE20ABD07E0097EDBB /* Main.storyboard */,
				CEF41BBE20ABD3090097EDBB /* Yesterday.storyboard */,
				CEF41BBC20ABD2FB0097EDBB /* Today.storyboard */,
				CEF41BB320ABD0800097EDBB /* LaunchScreen.storyboard */,
			);
			path = StoryBoard;
			sourceTree = "<group>";
		};
/* End PBXGroup section */

/* Begin PBXNativeTarget section */
		CEF41BA620ABD07E0097EDBB /* ContainerVC */ = {
			isa = PBXNativeTarget;
			buildConfigurationList = CEF41BB920ABD0800097EDBB /* Build configuration list for PBXNativeTarget "ContainerVC" */;
			buildPhases = (
				CEF41BA320ABD07E0097EDBB /* Sources */,
				CEF41BA420ABD07E0097EDBB /* Frameworks */,
				CEF41BA520ABD07E0097EDBB /* Resources */,
			);
			buildRules = (
			);
			dependencies = (
			);
			name = ContainerVC;
			productName = ContainerVC;
			productReference = CEF41BA720ABD07E0097EDBB /* ContainerVC.app */;
			productType = "com.apple.product-type.application";
		};
/* End PBXNativeTarget section */

/* Begin PBXProject section */
		CEF41B9F20ABD07E0097EDBB /* Project object */ = {
			isa = PBXProject;
			attributes = {
				LastSwiftUpdateCheck = 0930;
				LastUpgradeCheck = 0930;
				ORGANIZATIONNAME = LittleMe;
				TargetAttributes = {
					CEF41BA620ABD07E0097EDBB = {
						CreatedOnToolsVersion = 9.3;
					};
				};
			};
			buildConfigurationList = CEF41BA220ABD07E0097EDBB /* Build configuration list for PBXProject "ContainerVC" */;
			compatibilityVersion = "Xcode 9.3";
			developmentRegion = en;
			hasScannedForEncodings = 0;
			knownRegions = (
				en,
				Base,
			);
			mainGroup = CEF41B9E20ABD07E0097EDBB;
			productRefGroup = CEF41BA820ABD07E0097EDBB /* Products */;
			projectDirPath = "";
			projectRoot = "";
			targets = (
				CEF41BA620ABD07E0097EDBB /* ContainerVC */,
			);
		};
/* End PBXProject section */

/* Begin PBXResourcesBuildPhase section */
		CEF41BA520ABD07E0097EDBB /* Resources */ = {
			isa = PBXResourcesBuildPhase;
			buildActionMask = 2147483647;
			files = (
				CEF41BBD20ABD2FB0097EDBB /* Today.storyboard in Resources */,
				CEF41BB520ABD0800097EDBB /* LaunchScreen.storyboard in Resources */,
				CEF41BB220ABD0800097EDBB /* Assets.xcassets in Resources */,
				CE9A002A20B33FFA00446918 /* ExpenseStatementItemPropertyList.plist in Resources */,
				CEF41BB020ABD07E0097EDBB /* Main.storyboard in Resources */,
				CE3D947520B18BDD00AC4B0A /* CustomHeaderView.xib in Resources */,
				CEF41BBF20ABD3090097EDBB /* Yesterday.storyboard in Resources */,
			);
			runOnlyForDeploymentPostprocessing = 0;
		};
/* End PBXResourcesBuildPhase section */

/* Begin PBXSourcesBuildPhase section */
		CEF41BA320ABD07E0097EDBB /* Sources */ = {
			isa = PBXSourcesBuildPhase;
			buildActionMask = 2147483647;
			files = (
				CEF41BAD20ABD07E0097EDBB /* MainViewController.swift in Sources */,
				CE3D947320B18BCC00AC4B0A /* CustomHeaderView.swift in Sources */,
				CE192ADD20AEE512002A98B9 /* CustomTableViewCell.swift in Sources */,
				CE025C7220B25848003D4819 /* TestModel.swift in Sources */,
				CEF41BC320ABD45F0097EDBB /* YesterdayViewController.swift in Sources */,
				CEF41BAB20ABD07E0097EDBB /* AppDelegate.swift in Sources */,
				CEF41BC120ABD4440097EDBB /* TodayViewController.swift in Sources */,
				CEEB260020B4BE7F00C029A0 /* DetailViewController.swift in Sources */,
			);
			runOnlyForDeploymentPostprocessing = 0;
		};
/* End PBXSourcesBuildPhase section */

/* Begin PBXVariantGroup section */
		CEF41BAE20ABD07E0097EDBB /* Main.storyboard */ = {
			isa = PBXVariantGroup;
			children = (
				CEF41BAF20ABD07E0097EDBB /* Base */,
			);
			name = Main.storyboard;
			sourceTree = "<group>";
		};
		CEF41BB320ABD0800097EDBB /* LaunchScreen.storyboard */ = {
			isa = PBXVariantGroup;
			children = (
				CEF41BB420ABD0800097EDBB /* Base */,
			);
			name = LaunchScreen.storyboard;
			sourceTree = "<group>";
		};
/* End PBXVariantGroup section */

/* Begin XCBuildConfiguration section */
		CEF41BB720ABD0800097EDBB /* Debug */ = {
			isa = XCBuildConfiguration;
			buildSettings = {
				ALWAYS_SEARCH_USER_PATHS = NO;
				CLANG_ANALYZER_NONNULL = YES;
				CLANG_ANALYZER_NUMBER_OBJECT_CONVERSION = YES_AGGRESSIVE;
				CLANG_CXX_LANGUAGE_STANDARD = "gnu++14";
				CLANG_CXX_LIBRARY = "libc++";
				CLANG_ENABLE_MODULES = YES;
				CLANG_ENABLE_OBJC_ARC = YES;
				CLANG_ENABLE_OBJC_WEAK = YES;
				CLANG_WARN_BLOCK_CAPTURE_AUTORELEASING = YES;
				CLANG_WARN_BOOL_CONVERSION = YES;
				CLANG_WARN_COMMA = YES;
				CLANG_WARN_CONSTANT_CONVERSION = YES;
				CLANG_WARN_DEPRECATED_OBJC_IMPLEMENTATIONS = YES;
				CLANG_WARN_DIRECT_OBJC_ISA_USAGE = YES_ERROR;
				CLANG_WARN_DOCUMENTATION_COMMENTS = YES;
				CLANG_WARN_EMPTY_BODY = YES;
				CLANG_WARN_ENUM_CONVERSION = YES;
				CLANG_WARN_INFINITE_RECURSION = YES;
				CLANG_WARN_INT_CONVERSION = YES;
				CLANG_WARN_NON_LITERAL_NULL_CONVERSION = YES;
				CLANG_WARN_OBJC_IMPLICIT_RETAIN_SELF = YES;
				CLANG_WARN_OBJC_LITERAL_CONVERSION = YES;
				CLANG_WARN_OBJC_ROOT_CLASS = YES_ERROR;
				CLANG_WARN_RANGE_LOOP_ANALYSIS = YES;
				CLANG_WARN_STRICT_PROTOTYPES = YES;
				CLANG_WARN_SUSPICIOUS_MOVE = YES;
				CLANG_WARN_UNGUARDED_AVAILABILITY = YES_AGGRESSIVE;
				CLANG_WARN_UNREACHABLE_CODE = YES;
				CLANG_WARN__DUPLICATE_METHOD_MATCH = YES;
				CODE_SIGN_IDENTITY = "iPhone Developer";
				COPY_PHASE_STRIP = NO;
				DEBUG_INFORMATION_FORMAT = dwarf;
				ENABLE_STRICT_OBJC_MSGSEND = YES;
				ENABLE_TESTABILITY = YES;
				GCC_C_LANGUAGE_STANDARD = gnu11;
				GCC_DYNAMIC_NO_PIC = NO;
				GCC_NO_COMMON_BLOCKS = YES;
				GCC_OPTIMIZATION_LEVEL = 0;
				GCC_PREPROCESSOR_DEFINITIONS = (
					"DEBUG=1",
					"$(inherited)",
				);
				GCC_WARN_64_TO_32_BIT_CONVERSION = YES;
				GCC_WARN_ABOUT_RETURN_TYPE = YES_ERROR;
				GCC_WARN_UNDECLARED_SELECTOR = YES;
				GCC_WARN_UNINITIALIZED_AUTOS = YES_AGGRESSIVE;
				GCC_WARN_UNUSED_FUNCTION = YES;
				GCC_WARN_UNUSED_VARIABLE = YES;
				IPHONEOS_DEPLOYMENT_TARGET = 11.3;
				MTL_ENABLE_DEBUG_INFO = YES;
				ONLY_ACTIVE_ARCH = YES;
				SDKROOT = iphoneos;
				SWIFT_ACTIVE_COMPILATION_CONDITIONS = DEBUG;
				SWIFT_OPTIMIZATION_LEVEL = "-Onone";
			};
			name = Debug;
		};
		CEF41BB820ABD0800097EDBB /* Release */ = {
			isa = XCBuildConfiguration;
			buildSettings = {
				ALWAYS_SEARCH_USER_PATHS = NO;
				CLANG_ANALYZER_NONNULL = YES;
				CLANG_ANALYZER_NUMBER_OBJECT_CONVERSION = YES_AGGRESSIVE;
				CLANG_CXX_LANGUAGE_STANDARD = "gnu++14";
				CLANG_CXX_LIBRARY = "libc++";
				CLANG_ENABLE_MODULES = YES;
				CLANG_ENABLE_OBJC_ARC = YES;
				CLANG_ENABLE_OBJC_WEAK = YES;
				CLANG_WARN_BLOCK_CAPTURE_AUTORELEASING = YES;
				CLANG_WARN_BOOL_CONVERSION = YES;
				CLANG_WARN_COMMA = YES;
				CLANG_WARN_CONSTANT_CONVERSION = YES;
				CLANG_WARN_DEPRECATED_OBJC_IMPLEMENTATIONS = YES;
				CLANG_WARN_DIRECT_OBJC_ISA_USAGE = YES_ERROR;
				CLANG_WARN_DOCUMENTATION_COMMENTS = YES;
				CLANG_WARN_EMPTY_BODY = YES;
				CLANG_WARN_ENUM_CONVERSION = YES;
				CLANG_WARN_INFINITE_RECURSION = YES;
				CLANG_WARN_INT_CONVERSION = YES;
				CLANG_WARN_NON_LITERAL_NULL_CONVERSION = YES;
				CLANG_WARN_OBJC_IMPLICIT_RETAIN_SELF = YES;
				CLANG_WARN_OBJC_LITERAL_CONVERSION = YES;
				CLANG_WARN_OBJC_ROOT_CLASS = YES_ERROR;
				CLANG_WARN_RANGE_LOOP_ANALYSIS = YES;
				CLANG_WARN_STRICT_PROTOTYPES = YES;
				CLANG_WARN_SUSPICIOUS_MOVE = YES;
				CLANG_WARN_UNGUARDED_AVAILABILITY = YES_AGGRESSIVE;
				CLANG_WARN_UNREACHABLE_CODE = YES;
				CLANG_WARN__DUPLICATE_METHOD_MATCH = YES;
				CODE_SIGN_IDENTITY = "iPhone Developer";
				COPY_PHASE_STRIP = NO;
				DEBUG_INFORMATION_FORMAT = "dwarf-with-dsym";
				ENABLE_NS_ASSERTIONS = NO;
				ENABLE_STRICT_OBJC_MSGSEND = YES;
				GCC_C_LANGUAGE_STANDARD = gnu11;
				GCC_NO_COMMON_BLOCKS = YES;
				GCC_WARN_64_TO_32_BIT_CONVERSION = YES;
				GCC_WARN_ABOUT_RETURN_TYPE = YES_ERROR;
				GCC_WARN_UNDECLARED_SELECTOR = YES;
				GCC_WARN_UNINITIALIZED_AUTOS = YES_AGGRESSIVE;
				GCC_WARN_UNUSED_FUNCTION = YES;
				GCC_WARN_UNUSED_VARIABLE = YES;
				IPHONEOS_DEPLOYMENT_TARGET = 11.3;
				MTL_ENABLE_DEBUG_INFO = NO;
				SDKROOT = iphoneos;
				SWIFT_COMPILATION_MODE = wholemodule;
				SWIFT_OPTIMIZATION_LEVEL = "-O";
				VALIDATE_PRODUCT = YES;
			};
			name = Release;
		};
		CEF41BBA20ABD0800097EDBB /* Debug */ = {
			isa = XCBuildConfiguration;
			buildSettings = {
				ASSETCATALOG_COMPILER_APPICON_NAME = AppIcon;
				CODE_SIGN_STYLE = Automatic;
				INFOPLIST_FILE = ContainerVC/Info.plist;
				LD_RUNPATH_SEARCH_PATHS = (
					"$(inherited)",
					"@executable_path/Frameworks",
				);
				PRODUCT_BUNDLE_IDENTIFIER = com.ssy.ContainerVC;
				PRODUCT_NAME = "$(TARGET_NAME)";
				SWIFT_VERSION = 4.0;
				TARGETED_DEVICE_FAMILY = "1,2";
			};
			name = Debug;
		};
		CEF41BBB20ABD0800097EDBB /* Release */ = {
			isa = XCBuildConfiguration;
			buildSettings = {
				ASSETCATALOG_COMPILER_APPICON_NAME = AppIcon;
				CODE_SIGN_STYLE = Automatic;
				INFOPLIST_FILE = ContainerVC/Info.plist;
				LD_RUNPATH_SEARCH_PATHS = (
					"$(inherited)",
					"@executable_path/Frameworks",
				);
				PRODUCT_BUNDLE_IDENTIFIER = com.ssy.ContainerVC;
				PRODUCT_NAME = "$(TARGET_NAME)";
				SWIFT_VERSION = 4.0;
				TARGETED_DEVICE_FAMILY = "1,2";
			};
			name = Release;
		};
/* End XCBuildConfiguration section */

/* Begin XCConfigurationList section */
		CEF41BA220ABD07E0097EDBB /* Build configuration list for PBXProject "ContainerVC" */ = {
			isa = XCConfigurationList;
			buildConfigurations = (
				CEF41BB720ABD0800097EDBB /* Debug */,
				CEF41BB820ABD0800097EDBB /* Release */,
			);
			defaultConfigurationIsVisible = 0;
			defaultConfigurationName = Release;
		};
		CEF41BB920ABD0800097EDBB /* Build configuration list for PBXNativeTarget "ContainerVC" */ = {
			isa = XCConfigurationList;
			buildConfigurations = (
				CEF41BBA20ABD0800097EDBB /* Debug */,
				CEF41BBB20ABD0800097EDBB /* Release */,
			);
			defaultConfigurationIsVisible = 0;
			defaultConfigurationName = Release;
		};
/* End XCConfigurationList section */
	};
	rootObject = CEF41B9F20ABD07E0097EDBB /* Project object */;
}
