// !$*UTF8*$!
{
	archiveVersion = 1;
	classes = {
	};
	objectVersion = 48;
	objects = {

/* Begin PBXBuildFile section */
		CE0E262E201777C6000D5A45 /* ImgCollectionViewCell.swift in Sources */ = {isa = PBXBuildFile; fileRef = CE0E262D201777C6000D5A45 /* ImgCollectionViewCell.swift */; };
		CE1EA9A520175D8100D3B90D /* AppDelegate.swift in Sources */ = {isa = PBXBuildFile; fileRef = CE1EA9A420175D8100D3B90D /* AppDelegate.swift */; };
		CE1EA9A720175D8100D3B90D /* MainViewController.swift in Sources */ = {isa = PBXBuildFile; fileRef = CE1EA9A620175D8100D3B90D /* MainViewController.swift */; };
		CE1EA9AA20175D8100D3B90D /* Main.storyboard in Resources */ = {isa = PBXBuildFile; fileRef = CE1EA9A820175D8100D3B90D /* Main.storyboard */; };
		CE1EA9AC20175D8100D3B90D /* Assets.xcassets in Resources */ = {isa = PBXBuildFile; fileRef = CE1EA9AB20175D8100D3B90D /* Assets.xcassets */; };
		CE1EA9AF20175D8100D3B90D /* LaunchScreen.storyboard in Resources */ = {isa = PBXBuildFile; fileRef = CE1EA9AD20175D8100D3B90D /* LaunchScreen.storyboard */; };
/* End PBXBuildFile section */

/* Begin PBXFileReference section */
		CE0E262D201777C6000D5A45 /* ImgCollectionViewCell.swift */ = {isa = PBXFileReference; lastKnownFileType = sourcecode.swift; path = ImgCollectionViewCell.swift; sourceTree = "<group>"; };
		CE1EA9A120175D8100D3B90D /* AlbumCollectionView.app */ = {isa = PBXFileReference; explicitFileType = wrapper.application; includeInIndex = 0; path = AlbumCollectionView.app; sourceTree = BUILT_PRODUCTS_DIR; };
		CE1EA9A420175D8100D3B90D /* AppDelegate.swift */ = {isa = PBXFileReference; lastKnownFileType = sourcecode.swift; path = AppDelegate.swift; sourceTree = "<group>"; };
		CE1EA9A620175D8100D3B90D /* MainViewController.swift */ = {isa = PBXFileReference; lastKnownFileType = sourcecode.swift; path = MainViewController.swift; sourceTree = "<group>"; };
		CE1EA9A920175D8100D3B90D /* Base */ = {isa = PBXFileReference; lastKnownFileType = file.storyboard; name = Base; path = Base.lproj/Main.storyboard; sourceTree = "<group>"; };
		CE1EA9AB20175D8100D3B90D /* Assets.xcassets */ = {isa = PBXFileReference; lastKnownFileType = folder.assetcatalog; path = Assets.xcassets; sourceTree = "<group>"; };
		CE1EA9AE20175D8100D3B90D /* Base */ = {isa = PBXFileReference; lastKnownFileType = file.storyboard; name = Base; path = Base.lproj/LaunchScreen.storyboard; sourceTree = "<group>"; };
		CE1EA9B020175D8100D3B90D /* Info.plist */ = {isa = PBXFileReference; lastKnownFileType = text.plist.xml; path = Info.plist; sourceTree = "<group>"; };
/* End PBXFileReference section */

/* Begin PBXFrameworksBuildPhase section */
		CE1EA99E20175D8100D3B90D /* Frameworks */ = {
			isa = PBXFrameworksBuildPhase;
			buildActionMask = 2147483647;
			files = (
			);
			runOnlyForDeploymentPostprocessing = 0;
		};
/* End PBXFrameworksBuildPhase section */

/* Begin PBXGroup section */
		CE1EA99820175D8100D3B90D = {
			isa = PBXGroup;
			children = (
				CE1EA9A320175D8100D3B90D /* AlbumCollectionView */,
				CE1EA9A220175D8100D3B90D /* Products */,
			);
			sourceTree = "<group>";
		};
		CE1EA9A220175D8100D3B90D /* Products */ = {
			isa = PBXGroup;
			children = (
				CE1EA9A120175D8100D3B90D /* AlbumCollectionView.app */,
			);
			name = Products;
			sourceTree = "<group>";
		};
		CE1EA9A320175D8100D3B90D /* AlbumCollectionView */ = {
			isa = PBXGroup;
			children = (
				CE1EA9A420175D8100D3B90D /* AppDelegate.swift */,
				CE1EA9A620175D8100D3B90D /* MainViewController.swift */,
				CE0E262D201777C6000D5A45 /* ImgCollectionViewCell.swift */,
				CE1EA9A820175D8100D3B90D /* Main.storyboard */,
				CE1EA9AB20175D8100D3B90D /* Assets.xcassets */,
				CE1EA9AD20175D8100D3B90D /* LaunchScreen.storyboard */,
				CE1EA9B020175D8100D3B90D /* Info.plist */,
			);
			path = AlbumCollectionView;
			sourceTree = "<group>";
		};
/* End PBXGroup section */

/* Begin PBXNativeTarget section */
		CE1EA9A020175D8100D3B90D /* AlbumCollectionView */ = {
			isa = PBXNativeTarget;
			buildConfigurationList = CE1EA9B320175D8100D3B90D /* Build configuration list for PBXNativeTarget "AlbumCollectionView" */;
			buildPhases = (
				CE1EA99D20175D8100D3B90D /* Sources */,
				CE1EA99E20175D8100D3B90D /* Frameworks */,
				CE1EA99F20175D8100D3B90D /* Resources */,
			);
			buildRules = (
			);
			dependencies = (
			);
			name = AlbumCollectionView;
			productName = AlbumCollectionView;
			productReference = CE1EA9A120175D8100D3B90D /* AlbumCollectionView.app */;
			productType = "com.apple.product-type.application";
		};
/* End PBXNativeTarget section */

/* Begin PBXProject section */
		CE1EA99920175D8100D3B90D /* Project object */ = {
			isa = PBXProject;
			attributes = {
				LastSwiftUpdateCheck = 0920;
				LastUpgradeCheck = 0920;
				ORGANIZATIONNAME = "SONGYEE SHIN";
				TargetAttributes = {
					CE1EA9A020175D8100D3B90D = {
						CreatedOnToolsVersion = 9.2;
						ProvisioningStyle = Automatic;
					};
				};
			};
			buildConfigurationList = CE1EA99C20175D8100D3B90D /* Build configuration list for PBXProject "AlbumCollectionView" */;
			compatibilityVersion = "Xcode 8.0";
			developmentRegion = en;
			hasScannedForEncodings = 0;
			knownRegions = (
				en,
				Base,
			);
			mainGroup = CE1EA99820175D8100D3B90D;
			productRefGroup = CE1EA9A220175D8100D3B90D /* Products */;
			projectDirPath = "";
			projectRoot = "";
			targets = (
				CE1EA9A020175D8100D3B90D /* AlbumCollectionView */,
			);
		};
/* End PBXProject section */

/* Begin PBXResourcesBuildPhase section */
		CE1EA99F20175D8100D3B90D /* Resources */ = {
			isa = PBXResourcesBuildPhase;
			buildActionMask = 2147483647;
			files = (
				CE1EA9AF20175D8100D3B90D /* LaunchScreen.storyboard in Resources */,
				CE1EA9AC20175D8100D3B90D /* Assets.xcassets in Resources */,
				CE1EA9AA20175D8100D3B90D /* Main.storyboard in Resources */,
			);
			runOnlyForDeploymentPostprocessing = 0;
		};
/* End PBXResourcesBuildPhase section */

/* Begin PBXSourcesBuildPhase section */
		CE1EA99D20175D8100D3B90D /* Sources */ = {
			isa = PBXSourcesBuildPhase;
			buildActionMask = 2147483647;
			files = (
				CE1EA9A720175D8100D3B90D /* MainViewController.swift in Sources */,
				CE0E262E201777C6000D5A45 /* ImgCollectionViewCell.swift in Sources */,
				CE1EA9A520175D8100D3B90D /* AppDelegate.swift in Sources */,
			);
			runOnlyForDeploymentPostprocessing = 0;
		};
/* End PBXSourcesBuildPhase section */

/* Begin PBXVariantGroup section */
		CE1EA9A820175D8100D3B90D /* Main.storyboard */ = {
			isa = PBXVariantGroup;
			children = (
				CE1EA9A920175D8100D3B90D /* Base */,
			);
			name = Main.storyboard;
			sourceTree = "<group>";
		};
		CE1EA9AD20175D8100D3B90D /* LaunchScreen.storyboard */ = {
			isa = PBXVariantGroup;
			children = (
				CE1EA9AE20175D8100D3B90D /* Base */,
			);
			name = LaunchScreen.storyboard;
			sourceTree = "<group>";
		};
/* End PBXVariantGroup section */

/* Begin XCBuildConfiguration section */
		CE1EA9B120175D8100D3B90D /* Debug */ = {
			isa = XCBuildConfiguration;
			buildSettings = {
				ALWAYS_SEARCH_USER_PATHS = NO;
				CLANG_ANALYZER_NONNULL = YES;
				CLANG_ANALYZER_NUMBER_OBJECT_CONVERSION = YES_AGGRESSIVE;
				CLANG_CXX_LANGUAGE_STANDARD = "gnu++14";
				CLANG_CXX_LIBRARY = "libc++";
				CLANG_ENABLE_MODULES = YES;
				CLANG_ENABLE_OBJC_ARC = YES;
				CLANG_WARN_BLOCK_CAPTURE_AUTORELEASING = YES;
				CLANG_WARN_BOOL_CONVERSION = YES;
				CLANG_WARN_COMMA = YES;
				CLANG_WARN_CONSTANT_CONVERSION = YES;
				CLANG_WARN_DIRECT_OBJC_ISA_USAGE = YES_ERROR;
				CLANG_WARN_DOCUMENTATION_COMMENTS = YES;
				CLANG_WARN_EMPTY_BODY = YES;
				CLANG_WARN_ENUM_CONVERSION = YES;
				CLANG_WARN_INFINITE_RECURSION = YES;
				CLANG_WARN_INT_CONVERSION = YES;
				CLANG_WARN_NON_LITERAL_NULL_CONVERSION = YES;
				CLANG_WARN_OBJC_LITERAL_CONVERSION = YES;
				CLANG_WARN_OBJC_ROOT_CLASS = YES_ERROR;
				CLANG_WARN_RANGE_LOOP_ANALYSIS = YES;
				CLANG_WARN_STRICT_PROTOTYPES = YES;
				CLANG_WARN_SUSPICIOUS_MOVE = YES;
				CLANG_WARN_UNGUARDED_AVAILABILITY = YES_AGGRESSIVE;
				CLANG_WARN_UNREACHABLE_CODE = YES;
				CLANG_WARN__DUPLICATE_METHOD_MATCH = YES;
				CODE_SIGN_IDENTITY = "iPhone Developer";
				COPY_PHASE_STRIP = NO;
				DEBUG_INFORMATION_FORMAT = dwarf;
				ENABLE_STRICT_OBJC_MSGSEND = YES;
				ENABLE_TESTABILITY = YES;
				GCC_C_LANGUAGE_STANDARD = gnu11;
				GCC_DYNAMIC_NO_PIC = NO;
				GCC_NO_COMMON_BLOCKS = YES;
				GCC_OPTIMIZATION_LEVEL = 0;
				GCC_PREPROCESSOR_DEFINITIONS = (
					"DEBUG=1",
					"$(inherited)",
				);
				GCC_WARN_64_TO_32_BIT_CONVERSION = YES;
				GCC_WARN_ABOUT_RETURN_TYPE = YES_ERROR;
				GCC_WARN_UNDECLARED_SELECTOR = YES;
				GCC_WARN_UNINITIALIZED_AUTOS = YES_AGGRESSIVE;
				GCC_WARN_UNUSED_FUNCTION = YES;
				GCC_WARN_UNUSED_VARIABLE = YES;
				IPHONEOS_DEPLOYMENT_TARGET = 11.2;
				MTL_ENABLE_DEBUG_INFO = YES;
				ONLY_ACTIVE_ARCH = YES;
				SDKROOT = iphoneos;
				SWIFT_ACTIVE_COMPILATION_CONDITIONS = DEBUG;
				SWIFT_OPTIMIZATION_LEVEL = "-Onone";
			};
			name = Debug;
		};
		CE1EA9B220175D8100D3B90D /* Release */ = {
			isa = XCBuildConfiguration;
			buildSettings = {
				ALWAYS_SEARCH_USER_PATHS = NO;
				CLANG_ANALYZER_NONNULL = YES;
				CLANG_ANALYZER_NUMBER_OBJECT_CONVERSION = YES_AGGRESSIVE;
				CLANG_CXX_LANGUAGE_STANDARD = "gnu++14";
				CLANG_CXX_LIBRARY = "libc++";
				CLANG_ENABLE_MODULES = YES;
				CLANG_ENABLE_OBJC_ARC = YES;
				CLANG_WARN_BLOCK_CAPTURE_AUTORELEASING = YES;
				CLANG_WARN_BOOL_CONVERSION = YES;
				CLANG_WARN_COMMA = YES;
				CLANG_WARN_CONSTANT_CONVERSION = YES;
				CLANG_WARN_DIRECT_OBJC_ISA_USAGE = YES_ERROR;
				CLANG_WARN_DOCUMENTATION_COMMENTS = YES;
				CLANG_WARN_EMPTY_BODY = YES;
				CLANG_WARN_ENUM_CONVERSION = YES;
				CLANG_WARN_INFINITE_RECURSION = YES;
				CLANG_WARN_INT_CONVERSION = YES;
				CLANG_WARN_NON_LITERAL_NULL_CONVERSION = YES;
				CLANG_WARN_OBJC_LITERAL_CONVERSION = YES;
				CLANG_WARN_OBJC_ROOT_CLASS = YES_ERROR;
				CLANG_WARN_RANGE_LOOP_ANALYSIS = YES;
				CLANG_WARN_STRICT_PROTOTYPES = YES;
				CLANG_WARN_SUSPICIOUS_MOVE = YES;
				CLANG_WARN_UNGUARDED_AVAILABILITY = YES_AGGRESSIVE;
				CLANG_WARN_UNREACHABLE_CODE = YES;
				CLANG_WARN__DUPLICATE_METHOD_MATCH = YES;
				CODE_SIGN_IDENTITY = "iPhone Developer";
				COPY_PHASE_STRIP = NO;
				DEBUG_INFORMATION_FORMAT = "dwarf-with-dsym";
				ENABLE_NS_ASSERTIONS = NO;
				ENABLE_STRICT_OBJC_MSGSEND = YES;
				GCC_C_LANGUAGE_STANDARD = gnu11;
				GCC_NO_COMMON_BLOCKS = YES;
				GCC_WARN_64_TO_32_BIT_CONVERSION = YES;
				GCC_WARN_ABOUT_RETURN_TYPE = YES_ERROR;
				GCC_WARN_UNDECLARED_SELECTOR = YES;
				GCC_WARN_UNINITIALIZED_AUTOS = YES_AGGRESSIVE;
				GCC_WARN_UNUSED_FUNCTION = YES;
				GCC_WARN_UNUSED_VARIABLE = YES;
				IPHONEOS_DEPLOYMENT_TARGET = 11.2;
				MTL_ENABLE_DEBUG_INFO = NO;
				SDKROOT = iphoneos;
				SWIFT_OPTIMIZATION_LEVEL = "-Owholemodule";
				VALIDATE_PRODUCT = YES;
			};
			name = Release;
		};
		CE1EA9B420175D8100D3B90D /* Debug */ = {
			isa = XCBuildConfiguration;
			buildSettings = {
				ASSETCATALOG_COMPILER_APPICON_NAME = AppIcon;
				CODE_SIGN_STYLE = Automatic;
				INFOPLIST_FILE = AlbumCollectionView/Info.plist;
				LD_RUNPATH_SEARCH_PATHS = "$(inherited) @executable_path/Frameworks";
				PRODUCT_BUNDLE_IDENTIFIER = com.ssy.AlbumCollectionView;
				PRODUCT_NAME = "$(TARGET_NAME)";
				SWIFT_VERSION = 4.0;
				TARGETED_DEVICE_FAMILY = "1,2";
			};
			name = Debug;
		};
		CE1EA9B520175D8100D3B90D /* Release */ = {
			isa = XCBuildConfiguration;
			buildSettings = {
				ASSETCATALOG_COMPILER_APPICON_NAME = AppIcon;
				CODE_SIGN_STYLE = Automatic;
				INFOPLIST_FILE = AlbumCollectionView/Info.plist;
				LD_RUNPATH_SEARCH_PATHS = "$(inherited) @executable_path/Frameworks";
				PRODUCT_BUNDLE_IDENTIFIER = com.ssy.AlbumCollectionView;
				PRODUCT_NAME = "$(TARGET_NAME)";
				SWIFT_VERSION = 4.0;
				TARGETED_DEVICE_FAMILY = "1,2";
			};
			name = Release;
		};
/* End XCBuildConfiguration section */

/* Begin XCConfigurationList section */
		CE1EA99C20175D8100D3B90D /* Build configuration list for PBXProject "AlbumCollectionView" */ = {
			isa = XCConfigurationList;
			buildConfigurations = (
				CE1EA9B120175D8100D3B90D /* Debug */,
				CE1EA9B220175D8100D3B90D /* Release */,
			);
			defaultConfigurationIsVisible = 0;
			defaultConfigurationName = Release;
		};
		CE1EA9B320175D8100D3B90D /* Build configuration list for PBXNativeTarget "AlbumCollectionView" */ = {
			isa = XCConfigurationList;
			buildConfigurations = (
				CE1EA9B420175D8100D3B90D /* Debug */,
				CE1EA9B520175D8100D3B90D /* Release */,
			);
			defaultConfigurationIsVisible = 0;
			defaultConfigurationName = Release;
		};
/* End XCConfigurationList section */
	};
	rootObject = CE1EA99920175D8100D3B90D /* Project object */;
}
